
Microsoft Visual Studio Solution File, Format Version 12.00
# Visual Studio Version 17
VisualStudioVersion = 17.11.35312.102
MinimumVisualStudioVersion = 10.0.40219.1
Project("{FAE04EC0-301F-11D3-BF4B-00C04F79EFBC}") = "HttpNewsPAT", "HttpNewsPAT.csproj", "{2815DDE9-A727-46A4-8AB7-7A8E578E7861}"
EndProject
Global
	GlobalSection(SolutionConfigurationPlatforms) = preSolution
		Debug|Any CPU = Debug|Any CPU
		Release|Any CPU = Release|Any CPU
	EndGlobalSection
	GlobalSection(ProjectConfigurationPlatforms) = postSolution
		{2815DDE9-A727-46A4-8AB7-7A8E578E7861}.Debug|Any CPU.ActiveCfg = Debug|Any CPU
		{2815DDE9-A727-46A4-8AB7-7A8E578E7861}.Debug|Any CPU.Build.0 = Debug|Any CPU
		{2815DDE9-A727-46A4-8AB7-7A8E578E7861}.Release|Any CPU.ActiveCfg = Release|Any CPU
		{2815DDE9-A727-46A4-8AB7-7A8E578E7861}.Release|Any CPU.Build.0 = Release|Any CPU
	EndGlobalSection
	GlobalSection(SolutionProperties) = preSolution
		HideSolutionNode = FALSE
	EndGlobalSection
	GlobalSection(ExtensibilityGlobals) = postSolution
		SolutionGuid = {0F4468F8-E39A-49F0-9C05-57900DAD2C55}
	EndGlobalSection
EndGlobal
